
Microsoft Visual Studio Solution File, Format Version 12.00
# Visual Studio Version 17
VisualStudioVersion = 17.8.34408.163
MinimumVisualStudioVersion = 10.0.40219.1
Project("{9A19103F-16F7-4668-BE54-9A1E7A4F7556}") = "Mission6_Stokes", "Mission6_Stokes\Mission6_Stokes.csproj", "{D9A4DBCF-B719-4C81-82E8-8AC17A0BF5A3}"
EndProject
Global
	GlobalSection(SolutionConfigurationPlatforms) = preSolution
		Debug|Any CPU = Debug|Any CPU
		Release|Any CPU = Release|Any CPU
	EndGlobalSection
	GlobalSection(ProjectConfigurationPlatforms) = postSolution
		{D9A4DBCF-B719-4C81-82E8-8AC17A0BF5A3}.Debug|Any CPU.ActiveCfg = Debug|Any CPU
		{D9A4DBCF-B719-4C81-82E8-8AC17A0BF5A3}.Debug|Any CPU.Build.0 = Debug|Any CPU
		{D9A4DBCF-B719-4C81-82E8-8AC17A0BF5A3}.Release|Any CPU.ActiveCfg = Release|Any CPU
		{D9A4DBCF-B719-4C81-82E8-8AC17A0BF5A3}.Release|Any CPU.Build.0 = Release|Any CPU
	EndGlobalSection
	GlobalSection(SolutionProperties) = preSolution
		HideSolutionNode = FALSE
	EndGlobalSection
	GlobalSection(ExtensibilityGlobals) = postSolution
		SolutionGuid = {D0EF96E0-FA80-4E05-993E-C9CD91C7A3CD}
	EndGlobalSection
EndGlobal
